
Microsoft Visual Studio Solution File, Format Version 12.00
# Visual Studio Version 17
VisualStudioVersion = 17.8.34330.188
MinimumVisualStudioVersion = 10.0.40219.1
Project("{FAE04EC0-301F-11D3-BF4B-00C04F79EFBC}") = "operators1", "operators1\operators1.csproj", "{03253128-35D9-4E4F-B595-C445FD7037D9}"
EndProject
Global
	GlobalSection(SolutionConfigurationPlatforms) = preSolution
		Debug|Any CPU = Debug|Any CPU
		Release|Any CPU = Release|Any CPU
	EndGlobalSection
	GlobalSection(ProjectConfigurationPlatforms) = postSolution
		{03253128-35D9-4E4F-B595-C445FD7037D9}.Debug|Any CPU.ActiveCfg = Debug|Any CPU
		{03253128-35D9-4E4F-B595-C445FD7037D9}.Debug|Any CPU.Build.0 = Debug|Any CPU
		{03253128-35D9-4E4F-B595-C445FD7037D9}.Release|Any CPU.ActiveCfg = Release|Any CPU
		{03253128-35D9-4E4F-B595-C445FD7037D9}.Release|Any CPU.Build.0 = Release|Any CPU
	EndGlobalSection
	GlobalSection(SolutionProperties) = preSolution
		HideSolutionNode = FALSE
	EndGlobalSection
	GlobalSection(ExtensibilityGlobals) = postSolution
		SolutionGuid = {0071086E-E739-48B3-9479-B6291EC229EE}
	EndGlobalSection
EndGlobal
